
Microsoft Visual Studio Solution File, Format Version 12.00
# Visual Studio 2013
VisualStudioVersion = 12.0.30723.0
MinimumVisualStudioVersion = 10.0.40219.1
Project("{FAE04EC0-301F-11D3-BF4B-00C04F79EFBC}") = "ChildTracker.Models", "ChildTracker.Models\ChildTracker.Models.csproj", "{B20933EA-8A6B-4B26-860B-9A3EEF155087}"
EndProject
Project("{FAE04EC0-301F-11D3-BF4B-00C04F79EFBC}") = "ChildTracker.Data", "ChildTracker.Data\ChildTracker.Data.csproj", "{86DF9DB4-C186-4396-8482-B8BC55FBBE9B}"
EndProject
Project("{FAE04EC0-301F-11D3-BF4B-00C04F79EFBC}") = "ChildTracker.Services", "ChildTracker.Services\ChildTracker.Services.csproj", "{7E7BB4C2-44A5-461F-AB22-D2A0DA7AA3D5}"
EndProject
Global
	GlobalSection(SolutionConfigurationPlatforms) = preSolution
		Debug|Any CPU = Debug|Any CPU
		Release|Any CPU = Release|Any CPU
	EndGlobalSection
	GlobalSection(ProjectConfigurationPlatforms) = postSolution
		{B20933EA-8A6B-4B26-860B-9A3EEF155087}.Debug|Any CPU.ActiveCfg = Debug|Any CPU
		{B20933EA-8A6B-4B26-860B-9A3EEF155087}.Debug|Any CPU.Build.0 = Debug|Any CPU
		{B20933EA-8A6B-4B26-860B-9A3EEF155087}.Release|Any CPU.ActiveCfg = Release|Any CPU
		{B20933EA-8A6B-4B26-860B-9A3EEF155087}.Release|Any CPU.Build.0 = Release|Any CPU
		{86DF9DB4-C186-4396-8482-B8BC55FBBE9B}.Debug|Any CPU.ActiveCfg = Debug|Any CPU
		{86DF9DB4-C186-4396-8482-B8BC55FBBE9B}.Debug|Any CPU.Build.0 = Debug|Any CPU
		{86DF9DB4-C186-4396-8482-B8BC55FBBE9B}.Release|Any CPU.ActiveCfg = Release|Any CPU
		{86DF9DB4-C186-4396-8482-B8BC55FBBE9B}.Release|Any CPU.Build.0 = Release|Any CPU
		{7E7BB4C2-44A5-461F-AB22-D2A0DA7AA3D5}.Debug|Any CPU.ActiveCfg = Debug|Any CPU
		{7E7BB4C2-44A5-461F-AB22-D2A0DA7AA3D5}.Debug|Any CPU.Build.0 = Debug|Any CPU
		{7E7BB4C2-44A5-461F-AB22-D2A0DA7AA3D5}.Release|Any CPU.ActiveCfg = Release|Any CPU
		{7E7BB4C2-44A5-461F-AB22-D2A0DA7AA3D5}.Release|Any CPU.Build.0 = Release|Any CPU
	EndGlobalSection
	GlobalSection(SolutionProperties) = preSolution
		HideSolutionNode = FALSE
	EndGlobalSection
EndGlobal
